
Microsoft Visual Studio Solution File, Format Version 12.00
# Visual Studio 2013
VisualStudioVersion = 12.0.31101.0
MinimumVisualStudioVersion = 10.0.40219.1
Project("{FAE04EC0-301F-11D3-BF4B-00C04F79EFBC}") = "GOEddie.Dacpac.References", "GOEddie.Dacpac.References.csproj", "{1622EB7A-0902-417C-9673-97BC13DC2DAF}"
EndProject
Project("{2150E333-8FDC-42A3-9474-1A3956D46DE8}") = "Tests", "Tests", "{4540CC1D-4176-43D4-98B4-85E1E875307D}"
EndProject
Project("{FAE04EC0-301F-11D3-BF4B-00C04F79EFBC}") = "DacpacHeaderParser.Tests", "..\DacpacHeaderParser.Tests\DacpacHeaderParser.Tests.csproj", "{8F0270E8-951E-4338-A661-277EAD18E8D4}"
EndProject
Global
	GlobalSection(SolutionConfigurationPlatforms) = preSolution
		Debug|Any CPU = Debug|Any CPU
		Release|Any CPU = Release|Any CPU
	EndGlobalSection
	GlobalSection(ProjectConfigurationPlatforms) = postSolution
		{1622EB7A-0902-417C-9673-97BC13DC2DAF}.Debug|Any CPU.ActiveCfg = Debug|Any CPU
		{1622EB7A-0902-417C-9673-97BC13DC2DAF}.Debug|Any CPU.Build.0 = Debug|Any CPU
		{1622EB7A-0902-417C-9673-97BC13DC2DAF}.Release|Any CPU.ActiveCfg = Release|Any CPU
		{1622EB7A-0902-417C-9673-97BC13DC2DAF}.Release|Any CPU.Build.0 = Release|Any CPU
		{8F0270E8-951E-4338-A661-277EAD18E8D4}.Debug|Any CPU.ActiveCfg = Debug|Any CPU
		{8F0270E8-951E-4338-A661-277EAD18E8D4}.Debug|Any CPU.Build.0 = Debug|Any CPU
		{8F0270E8-951E-4338-A661-277EAD18E8D4}.Release|Any CPU.ActiveCfg = Release|Any CPU
		{8F0270E8-951E-4338-A661-277EAD18E8D4}.Release|Any CPU.Build.0 = Release|Any CPU
	EndGlobalSection
	GlobalSection(SolutionProperties) = preSolution
		HideSolutionNode = FALSE
	EndGlobalSection
	GlobalSection(NestedProjects) = preSolution
		{8F0270E8-951E-4338-A661-277EAD18E8D4} = {4540CC1D-4176-43D4-98B4-85E1E875307D}
	EndGlobalSection
EndGlobal
