
Microsoft Visual Studio Solution File, Format Version 12.00
# Visual Studio 15
VisualStudioVersion = 15.0.26403.7
MinimumVisualStudioVersion = 10.0.40219.1
Project("{00D1A9C2-B5F0-4AF3-8072-F6C62B433612}") = "MergeDacpac", "P1\MergeDacpac.sqlproj", "{011776C2-C6CF-45C0-AE4E-12CD7949CCF8}"
EndProject
Project("{00D1A9C2-B5F0-4AF3-8072-F6C62B433612}") = "MergeDacpac2", "P2\MergeDacpac2.sqlproj", "{873AD76B-1A1F-4355-BDF0-310DAA6FD27C}"
EndProject
Project("{FAE04EC0-301F-11D3-BF4B-00C04F79EFBC}") = "MergeEm", "MergeEm\MergeEm.csproj", "{8CF00550-FA7D-47D3-B62F-0FCA322F57FF}"
EndProject
Global
	GlobalSection(SolutionConfigurationPlatforms) = preSolution
		Debug|Any CPU = Debug|Any CPU
		Release|Any CPU = Release|Any CPU
	EndGlobalSection
	GlobalSection(ProjectConfigurationPlatforms) = postSolution
		{011776C2-C6CF-45C0-AE4E-12CD7949CCF8}.Debug|Any CPU.ActiveCfg = Debug|Any CPU
		{011776C2-C6CF-45C0-AE4E-12CD7949CCF8}.Debug|Any CPU.Build.0 = Debug|Any CPU
		{011776C2-C6CF-45C0-AE4E-12CD7949CCF8}.Debug|Any CPU.Deploy.0 = Debug|Any CPU
		{011776C2-C6CF-45C0-AE4E-12CD7949CCF8}.Release|Any CPU.ActiveCfg = Release|Any CPU
		{011776C2-C6CF-45C0-AE4E-12CD7949CCF8}.Release|Any CPU.Build.0 = Release|Any CPU
		{011776C2-C6CF-45C0-AE4E-12CD7949CCF8}.Release|Any CPU.Deploy.0 = Release|Any CPU
		{873AD76B-1A1F-4355-BDF0-310DAA6FD27C}.Debug|Any CPU.ActiveCfg = Debug|Any CPU
		{873AD76B-1A1F-4355-BDF0-310DAA6FD27C}.Debug|Any CPU.Build.0 = Debug|Any CPU
		{873AD76B-1A1F-4355-BDF0-310DAA6FD27C}.Debug|Any CPU.Deploy.0 = Debug|Any CPU
		{873AD76B-1A1F-4355-BDF0-310DAA6FD27C}.Release|Any CPU.ActiveCfg = Release|Any CPU
		{873AD76B-1A1F-4355-BDF0-310DAA6FD27C}.Release|Any CPU.Build.0 = Release|Any CPU
		{873AD76B-1A1F-4355-BDF0-310DAA6FD27C}.Release|Any CPU.Deploy.0 = Release|Any CPU
		{8CF00550-FA7D-47D3-B62F-0FCA322F57FF}.Debug|Any CPU.ActiveCfg = Debug|Any CPU
		{8CF00550-FA7D-47D3-B62F-0FCA322F57FF}.Debug|Any CPU.Build.0 = Debug|Any CPU
		{8CF00550-FA7D-47D3-B62F-0FCA322F57FF}.Release|Any CPU.ActiveCfg = Release|Any CPU
		{8CF00550-FA7D-47D3-B62F-0FCA322F57FF}.Release|Any CPU.Build.0 = Release|Any CPU
	EndGlobalSection
	GlobalSection(SolutionProperties) = preSolution
		HideSolutionNode = FALSE
	EndGlobalSection
	GlobalSection(ExtensibilityGlobals) = postSolution
		SolutionGuid = {AF9A6E26-DAA8-4ADF-93DA-0F77D6DCBB1E}
	EndGlobalSection
EndGlobal
